
Microsoft Visual Studio Solution File, Format Version 12.00
# Visual Studio 15
VisualStudioVersion = 15.0.28010.2026
MinimumVisualStudioVersion = 10.0.40219.1
Project("{9A19103F-16F7-4668-BE54-9A1E7A4F7556}") = "sdm_movie_rating", "sdm_movie_rating\sdm_movie_rating.csproj", "{9FAA7C0A-2047-41E7-8FEA-1C65377AEC75}"
EndProject
Project("{9A19103F-16F7-4668-BE54-9A1E7A4F7556}") = "SdmTest", "SdmTest\SdmTest.csproj", "{00CCE5A5-7E20-413D-8E32-A93E1853992A}"
EndProject
Project("{9A19103F-16F7-4668-BE54-9A1E7A4F7556}") = "SdmPerformanceTest", "SdmPerformanceTest\SdmPerformanceTest.csproj", "{ECCC0AFC-91CE-43ED-878B-E348EFD91E24}"
EndProject
Project("{2150E333-8FDC-42A3-9474-1A3956D46DE8}") = "Solution Items", "Solution Items", "{14112AAD-8292-47CD-888E-A3712149A042}"
	ProjectSection(SolutionItems) = preProject
		.travis.yml = .travis.yml
	EndProjectSection
EndProject
Global
	GlobalSection(SolutionConfigurationPlatforms) = preSolution
		Debug|Any CPU = Debug|Any CPU
		Release|Any CPU = Release|Any CPU
	EndGlobalSection
	GlobalSection(ProjectConfigurationPlatforms) = postSolution
		{9FAA7C0A-2047-41E7-8FEA-1C65377AEC75}.Debug|Any CPU.ActiveCfg = Debug|Any CPU
		{9FAA7C0A-2047-41E7-8FEA-1C65377AEC75}.Debug|Any CPU.Build.0 = Debug|Any CPU
		{9FAA7C0A-2047-41E7-8FEA-1C65377AEC75}.Release|Any CPU.ActiveCfg = Release|Any CPU
		{9FAA7C0A-2047-41E7-8FEA-1C65377AEC75}.Release|Any CPU.Build.0 = Release|Any CPU
		{00CCE5A5-7E20-413D-8E32-A93E1853992A}.Debug|Any CPU.ActiveCfg = Debug|Any CPU
		{00CCE5A5-7E20-413D-8E32-A93E1853992A}.Debug|Any CPU.Build.0 = Debug|Any CPU
		{00CCE5A5-7E20-413D-8E32-A93E1853992A}.Release|Any CPU.ActiveCfg = Release|Any CPU
		{00CCE5A5-7E20-413D-8E32-A93E1853992A}.Release|Any CPU.Build.0 = Release|Any CPU
		{ECCC0AFC-91CE-43ED-878B-E348EFD91E24}.Debug|Any CPU.ActiveCfg = Debug|Any CPU
		{ECCC0AFC-91CE-43ED-878B-E348EFD91E24}.Debug|Any CPU.Build.0 = Debug|Any CPU
		{ECCC0AFC-91CE-43ED-878B-E348EFD91E24}.Release|Any CPU.ActiveCfg = Release|Any CPU
		{ECCC0AFC-91CE-43ED-878B-E348EFD91E24}.Release|Any CPU.Build.0 = Release|Any CPU
	EndGlobalSection
	GlobalSection(SolutionProperties) = preSolution
		HideSolutionNode = FALSE
	EndGlobalSection
	GlobalSection(ExtensibilityGlobals) = postSolution
		SolutionGuid = {6FB5C678-2973-4792-9B1D-368C045F8FBC}
	EndGlobalSection
EndGlobal
